// !$*UTF8*$!
{
	archiveVersion = 1;
	classes = {
	};
	objectVersion = 50;
	objects = {

/* Begin PBXBuildFile section */
		BD0D93A22670AE4E0011C0CF /* CitySearchViewController.storyboard in Resources */ = {isa = PBXBuildFile; fileRef = BD0D93A12670AE4E0011C0CF /* CitySearchViewController.storyboard */; };
		BD0D93AC2670CFB90011C0CF /* CitySearchViewModel.swift in Sources */ = {isa = PBXBuildFile; fileRef = BD0D93AB2670CFB90011C0CF /* CitySearchViewModel.swift */; };
		BD0D93AE2670DC040011C0CF /* WeatherViewModel.swift in Sources */ = {isa = PBXBuildFile; fileRef = BD0D93AD2670DC040011C0CF /* WeatherViewModel.swift */; };
		BDBA6F58266FFC9200ABEA74 /* AppDelegate.swift in Sources */ = {isa = PBXBuildFile; fileRef = BDBA6F57266FFC9200ABEA74 /* AppDelegate.swift */; };
		BDBA6F5A266FFC9200ABEA74 /* SceneDelegate.swift in Sources */ = {isa = PBXBuildFile; fileRef = BDBA6F59266FFC9200ABEA74 /* SceneDelegate.swift */; };
		BDBA6F5C266FFC9200ABEA74 /* ViewController.swift in Sources */ = {isa = PBXBuildFile; fileRef = BDBA6F5B266FFC9200ABEA74 /* ViewController.swift */; };
		BDBA6F5F266FFC9200ABEA74 /* Main.storyboard in Resources */ = {isa = PBXBuildFile; fileRef = BDBA6F5D266FFC9200ABEA74 /* Main.storyboard */; };
		BDBA6F61266FFC9500ABEA74 /* Assets.xcassets in Resources */ = {isa = PBXBuildFile; fileRef = BDBA6F60266FFC9500ABEA74 /* Assets.xcassets */; };
		BDBA6F64266FFC9500ABEA74 /* LaunchScreen.storyboard in Resources */ = {isa = PBXBuildFile; fileRef = BDBA6F62266FFC9500ABEA74 /* LaunchScreen.storyboard */; };
		BDBA6F6D266FFDE900ABEA74 /* UIViewController.swift in Sources */ = {isa = PBXBuildFile; fileRef = BDBA6F6C266FFDE900ABEA74 /* UIViewController.swift */; };
		BDBA6F71266FFEA100ABEA74 /* CitySearchViewController.swift in Sources */ = {isa = PBXBuildFile; fileRef = BDBA6F70266FFEA100ABEA74 /* CitySearchViewController.swift */; };
		BDBA6F74266FFECF00ABEA74 /* WeatherViewController.swift in Sources */ = {isa = PBXBuildFile; fileRef = BDBA6F73266FFECF00ABEA74 /* WeatherViewController.swift */; };
		BDBA6F76266FFF0300ABEA74 /* WeatherViewController.storyboard in Resources */ = {isa = PBXBuildFile; fileRef = BDBA6F75266FFF0300ABEA74 /* WeatherViewController.storyboard */; };
		BDBA6F792670007E00ABEA74 /* APIServiceManager.swift in Sources */ = {isa = PBXBuildFile; fileRef = BDBA6F782670007E00ABEA74 /* APIServiceManager.swift */; };
		BDBA6F7C267000DA00ABEA74 /* Constants.swift in Sources */ = {isa = PBXBuildFile; fileRef = BDBA6F7B267000DA00ABEA74 /* Constants.swift */; };
		BDBA6F7F2670011600ABEA74 /* WeatherResponseModel.swift in Sources */ = {isa = PBXBuildFile; fileRef = BDBA6F7E2670011600ABEA74 /* WeatherResponseModel.swift */; };
/* End PBXBuildFile section */

/* Begin PBXFileReference section */
		BD0D93A12670AE4E0011C0CF /* CitySearchViewController.storyboard */ = {isa = PBXFileReference; lastKnownFileType = file.storyboard; path = CitySearchViewController.storyboard; sourceTree = "<group>"; };
		BD0D93AB2670CFB90011C0CF /* CitySearchViewModel.swift */ = {isa = PBXFileReference; lastKnownFileType = sourcecode.swift; path = CitySearchViewModel.swift; sourceTree = "<group>"; };
		BD0D93AD2670DC040011C0CF /* WeatherViewModel.swift */ = {isa = PBXFileReference; lastKnownFileType = sourcecode.swift; path = WeatherViewModel.swift; sourceTree = "<group>"; };
		BDBA6F54266FFC9200ABEA74 /* Weather.app */ = {isa = PBXFileReference; explicitFileType = wrapper.application; includeInIndex = 0; path = Weather.app; sourceTree = BUILT_PRODUCTS_DIR; };
		BDBA6F57266FFC9200ABEA74 /* AppDelegate.swift */ = {isa = PBXFileReference; lastKnownFileType = sourcecode.swift; path = AppDelegate.swift; sourceTree = "<group>"; };
		BDBA6F59266FFC9200ABEA74 /* SceneDelegate.swift */ = {isa = PBXFileReference; lastKnownFileType = sourcecode.swift; path = SceneDelegate.swift; sourceTree = "<group>"; };
		BDBA6F5B266FFC9200ABEA74 /* ViewController.swift */ = {isa = PBXFileReference; lastKnownFileType = sourcecode.swift; path = ViewController.swift; sourceTree = "<group>"; };
		BDBA6F5E266FFC9200ABEA74 /* Base */ = {isa = PBXFileReference; lastKnownFileType = file.storyboard; name = Base; path = Base.lproj/Main.storyboard; sourceTree = "<group>"; };
		BDBA6F60266FFC9500ABEA74 /* Assets.xcassets */ = {isa = PBXFileReference; lastKnownFileType = folder.assetcatalog; path = Assets.xcassets; sourceTree = "<group>"; };
		BDBA6F63266FFC9500ABEA74 /* Base */ = {isa = PBXFileReference; lastKnownFileType = file.storyboard; name = Base; path = Base.lproj/LaunchScreen.storyboard; sourceTree = "<group>"; };
		BDBA6F65266FFC9500ABEA74 /* Info.plist */ = {isa = PBXFileReference; lastKnownFileType = text.plist.xml; path = Info.plist; sourceTree = "<group>"; };
		BDBA6F6C266FFDE900ABEA74 /* UIViewController.swift */ = {isa = PBXFileReference; lastKnownFileType = sourcecode.swift; path = UIViewController.swift; sourceTree = "<group>"; };
		BDBA6F70266FFEA100ABEA74 /* CitySearchViewController.swift */ = {isa = PBXFileReference; lastKnownFileType = sourcecode.swift; path = CitySearchViewController.swift; sourceTree = "<group>"; };
		BDBA6F73266FFECF00ABEA74 /* WeatherViewController.swift */ = {isa = PBXFileReference; lastKnownFileType = sourcecode.swift; path = WeatherViewController.swift; sourceTree = "<group>"; };
		BDBA6F75266FFF0300ABEA74 /* WeatherViewController.storyboard */ = {isa = PBXFileReference; lastKnownFileType = file.storyboard; path = WeatherViewController.storyboard; sourceTree = "<group>"; };
		BDBA6F782670007E00ABEA74 /* APIServiceManager.swift */ = {isa = PBXFileReference; lastKnownFileType = sourcecode.swift; path = APIServiceManager.swift; sourceTree = "<group>"; };
		BDBA6F7B267000DA00ABEA74 /* Constants.swift */ = {isa = PBXFileReference; lastKnownFileType = sourcecode.swift; path = Constants.swift; sourceTree = "<group>"; };
		BDBA6F7E2670011600ABEA74 /* WeatherResponseModel.swift */ = {isa = PBXFileReference; lastKnownFileType = sourcecode.swift; path = WeatherResponseModel.swift; sourceTree = "<group>"; };
/* End PBXFileReference section */

/* Begin PBXFrameworksBuildPhase section */
		BDBA6F51266FFC9200ABEA74 /* Frameworks */ = {
			isa = PBXFrameworksBuildPhase;
			buildActionMask = 2147483647;
			files = (
			);
			runOnlyForDeploymentPostprocessing = 0;
		};
/* End PBXFrameworksBuildPhase section */

/* Begin PBXGroup section */
		BDBA6F4B266FFC9200ABEA74 = {
			isa = PBXGroup;
			children = (
				BDBA6F56266FFC9200ABEA74 /* Weather */,
				BDBA6F55266FFC9200ABEA74 /* Products */,
			);
			sourceTree = "<group>";
		};
		BDBA6F55266FFC9200ABEA74 /* Products */ = {
			isa = PBXGroup;
			children = (
				BDBA6F54266FFC9200ABEA74 /* Weather.app */,
			);
			name = Products;
			sourceTree = "<group>";
		};
		BDBA6F56266FFC9200ABEA74 /* Weather */ = {
			isa = PBXGroup;
			children = (
				BDBA6F7D267000FA00ABEA74 /* Models */,
				BDBA6F7A267000A900ABEA74 /* Utilities */,
				BDBA6F772670005000ABEA74 /* Services */,
				BDBA6F6E266FFE3200ABEA74 /* ViewControllers */,
				BDBA6F6B266FFDCE00ABEA74 /* Extensions */,
				BDBA6F57266FFC9200ABEA74 /* AppDelegate.swift */,
				BDBA6F59266FFC9200ABEA74 /* SceneDelegate.swift */,
				BDBA6F5B266FFC9200ABEA74 /* ViewController.swift */,
				BDBA6F5D266FFC9200ABEA74 /* Main.storyboard */,
				BDBA6F60266FFC9500ABEA74 /* Assets.xcassets */,
				BDBA6F62266FFC9500ABEA74 /* LaunchScreen.storyboard */,
				BDBA6F65266FFC9500ABEA74 /* Info.plist */,
			);
			path = Weather;
			sourceTree = "<group>";
		};
		BDBA6F6B266FFDCE00ABEA74 /* Extensions */ = {
			isa = PBXGroup;
			children = (
				BDBA6F6C266FFDE900ABEA74 /* UIViewController.swift */,
			);
			path = Extensions;
			sourceTree = "<group>";
		};
		BDBA6F6E266FFE3200ABEA74 /* ViewControllers */ = {
			isa = PBXGroup;
			children = (
				BDBA6F72266FFEAF00ABEA74 /* Weather View Controller */,
				BDBA6F6F266FFE7B00ABEA74 /* City Search */,
			);
			path = ViewControllers;
			sourceTree = "<group>";
		};
		BDBA6F6F266FFE7B00ABEA74 /* City Search */ = {
			isa = PBXGroup;
			children = (
				BDBA6F70266FFEA100ABEA74 /* CitySearchViewController.swift */,
				BD0D93A12670AE4E0011C0CF /* CitySearchViewController.storyboard */,
				BD0D93AB2670CFB90011C0CF /* CitySearchViewModel.swift */,
			);
			path = "City Search";
			sourceTree = "<group>";
		};
		BDBA6F72266FFEAF00ABEA74 /* Weather View Controller */ = {
			isa = PBXGroup;
			children = (
				BDBA6F73266FFECF00ABEA74 /* WeatherViewController.swift */,
				BDBA6F75266FFF0300ABEA74 /* WeatherViewController.storyboard */,
				BD0D93AD2670DC040011C0CF /* WeatherViewModel.swift */,
			);
			path = "Weather View Controller";
			sourceTree = "<group>";
		};
		BDBA6F772670005000ABEA74 /* Services */ = {
			isa = PBXGroup;
			children = (
				BDBA6F782670007E00ABEA74 /* APIServiceManager.swift */,
			);
			path = Services;
			sourceTree = "<group>";
		};
		BDBA6F7A267000A900ABEA74 /* Utilities */ = {
			isa = PBXGroup;
			children = (
				BDBA6F7B267000DA00ABEA74 /* Constants.swift */,
			);
			path = Utilities;
			sourceTree = "<group>";
		};
		BDBA6F7D267000FA00ABEA74 /* Models */ = {
			isa = PBXGroup;
			children = (
				BDBA6F7E2670011600ABEA74 /* WeatherResponseModel.swift */,
			);
			path = Models;
			sourceTree = "<group>";
		};
/* End PBXGroup section */

/* Begin PBXNativeTarget section */
		BDBA6F53266FFC9200ABEA74 /* Weather */ = {
			isa = PBXNativeTarget;
			buildConfigurationList = BDBA6F68266FFC9500ABEA74 /* Build configuration list for PBXNativeTarget "Weather" */;
			buildPhases = (
				BDBA6F50266FFC9200ABEA74 /* Sources */,
				BDBA6F51266FFC9200ABEA74 /* Frameworks */,
				BDBA6F52266FFC9200ABEA74 /* Resources */,
			);
			buildRules = (
			);
			dependencies = (
			);
			name = Weather;
			productName = Weather;
			productReference = BDBA6F54266FFC9200ABEA74 /* Weather.app */;
			productType = "com.apple.product-type.application";
		};
/* End PBXNativeTarget section */

/* Begin PBXProject section */
		BDBA6F4C266FFC9200ABEA74 /* Project object */ = {
			isa = PBXProject;
			attributes = {
				LastSwiftUpdateCheck = 1250;
				LastUpgradeCheck = 1250;
				TargetAttributes = {
					BDBA6F53266FFC9200ABEA74 = {
						CreatedOnToolsVersion = 12.5;
					};
				};
			};
			buildConfigurationList = BDBA6F4F266FFC9200ABEA74 /* Build configuration list for PBXProject "Weather" */;
			compatibilityVersion = "Xcode 9.3";
			developmentRegion = en;
			hasScannedForEncodings = 0;
			knownRegions = (
				en,
				Base,
			);
			mainGroup = BDBA6F4B266FFC9200ABEA74;
			productRefGroup = BDBA6F55266FFC9200ABEA74 /* Products */;
			projectDirPath = "";
			projectRoot = "";
			targets = (
				BDBA6F53266FFC9200ABEA74 /* Weather */,
			);
		};
/* End PBXProject section */

/* Begin PBXResourcesBuildPhase section */
		BDBA6F52266FFC9200ABEA74 /* Resources */ = {
			isa = PBXResourcesBuildPhase;
			buildActionMask = 2147483647;
			files = (
				BD0D93A22670AE4E0011C0CF /* CitySearchViewController.storyboard in Resources */,
				BDBA6F76266FFF0300ABEA74 /* WeatherViewController.storyboard in Resources */,
				BDBA6F64266FFC9500ABEA74 /* LaunchScreen.storyboard in Resources */,
				BDBA6F61266FFC9500ABEA74 /* Assets.xcassets in Resources */,
				BDBA6F5F266FFC9200ABEA74 /* Main.storyboard in Resources */,
			);
			runOnlyForDeploymentPostprocessing = 0;
		};
/* End PBXResourcesBuildPhase section */

/* Begin PBXSourcesBuildPhase section */
		BDBA6F50266FFC9200ABEA74 /* Sources */ = {
			isa = PBXSourcesBuildPhase;
			buildActionMask = 2147483647;
			files = (
				BDBA6F5C266FFC9200ABEA74 /* ViewController.swift in Sources */,
				BDBA6F7F2670011600ABEA74 /* WeatherResponseModel.swift in Sources */,
				BDBA6F792670007E00ABEA74 /* APIServiceManager.swift in Sources */,
				BD0D93AE2670DC040011C0CF /* WeatherViewModel.swift in Sources */,
				BD0D93AC2670CFB90011C0CF /* CitySearchViewModel.swift in Sources */,
				BDBA6F74266FFECF00ABEA74 /* WeatherViewController.swift in Sources */,
				BDBA6F58266FFC9200ABEA74 /* AppDelegate.swift in Sources */,
				BDBA6F71266FFEA100ABEA74 /* CitySearchViewController.swift in Sources */,
				BDBA6F6D266FFDE900ABEA74 /* UIViewController.swift in Sources */,
				BDBA6F5A266FFC9200ABEA74 /* SceneDelegate.swift in Sources */,
				BDBA6F7C267000DA00ABEA74 /* Constants.swift in Sources */,
			);
			runOnlyForDeploymentPostprocessing = 0;
		};
/* End PBXSourcesBuildPhase section */

/* Begin PBXVariantGroup section */
		BDBA6F5D266FFC9200ABEA74 /* Main.storyboard */ = {
			isa = PBXVariantGroup;
			children = (
				BDBA6F5E266FFC9200ABEA74 /* Base */,
			);
			name = Main.storyboard;
			sourceTree = "<group>";
		};
		BDBA6F62266FFC9500ABEA74 /* LaunchScreen.storyboard */ = {
			isa = PBXVariantGroup;
			children = (
				BDBA6F63266FFC9500ABEA74 /* Base */,
			);
			name = LaunchScreen.storyboard;
			sourceTree = "<group>";
		};
/* End PBXVariantGroup section */

/* Begin XCBuildConfiguration section */
		BDBA6F66266FFC9500ABEA74 /* Debug */ = {
			isa = XCBuildConfiguration;
			buildSettings = {
				ALWAYS_SEARCH_USER_PATHS = NO;
				CLANG_ANALYZER_NONNULL = YES;
				CLANG_ANALYZER_NUMBER_OBJECT_CONVERSION = YES_AGGRESSIVE;
				CLANG_CXX_LANGUAGE_STANDARD = "gnu++14";
				CLANG_CXX_LIBRARY = "libc++";
				CLANG_ENABLE_MODULES = YES;
				CLANG_ENABLE_OBJC_ARC = YES;
				CLANG_ENABLE_OBJC_WEAK = YES;
				CLANG_WARN_BLOCK_CAPTURE_AUTORELEASING = YES;
				CLANG_WARN_BOOL_CONVERSION = YES;
				CLANG_WARN_COMMA = YES;
				CLANG_WARN_CONSTANT_CONVERSION = YES;
				CLANG_WARN_DEPRECATED_OBJC_IMPLEMENTATIONS = YES;
				CLANG_WARN_DIRECT_OBJC_ISA_USAGE = YES_ERROR;
				CLANG_WARN_DOCUMENTATION_COMMENTS = YES;
				CLANG_WARN_EMPTY_BODY = YES;
				CLANG_WARN_ENUM_CONVERSION = YES;
				CLANG_WARN_INFINITE_RECURSION = YES;
				CLANG_WARN_INT_CONVERSION = YES;
				CLANG_WARN_NON_LITERAL_NULL_CONVERSION = YES;
				CLANG_WARN_OBJC_IMPLICIT_RETAIN_SELF = YES;
				CLANG_WARN_OBJC_LITERAL_CONVERSION = YES;
				CLANG_WARN_OBJC_ROOT_CLASS = YES_ERROR;
				CLANG_WARN_QUOTED_INCLUDE_IN_FRAMEWORK_HEADER = YES;
				CLANG_WARN_RANGE_LOOP_ANALYSIS = YES;
				CLANG_WARN_STRICT_PROTOTYPES = YES;
				CLANG_WARN_SUSPICIOUS_MOVE = YES;
				CLANG_WARN_UNGUARDED_AVAILABILITY = YES_AGGRESSIVE;
				CLANG_WARN_UNREACHABLE_CODE = YES;
				CLANG_WARN__DUPLICATE_METHOD_MATCH = YES;
				COPY_PHASE_STRIP = NO;
				DEBUG_INFORMATION_FORMAT = dwarf;
				ENABLE_STRICT_OBJC_MSGSEND = YES;
				ENABLE_TESTABILITY = YES;
				GCC_C_LANGUAGE_STANDARD = gnu11;
				GCC_DYNAMIC_NO_PIC = NO;
				GCC_NO_COMMON_BLOCKS = YES;
				GCC_OPTIMIZATION_LEVEL = 0;
				GCC_PREPROCESSOR_DEFINITIONS = (
					"DEBUG=1",
					"$(inherited)",
				);
				GCC_WARN_64_TO_32_BIT_CONVERSION = YES;
				GCC_WARN_ABOUT_RETURN_TYPE = YES_ERROR;
				GCC_WARN_UNDECLARED_SELECTOR = YES;
				GCC_WARN_UNINITIALIZED_AUTOS = YES_AGGRESSIVE;
				GCC_WARN_UNUSED_FUNCTION = YES;
				GCC_WARN_UNUSED_VARIABLE = YES;
				IPHONEOS_DEPLOYMENT_TARGET = 14.5;
				MTL_ENABLE_DEBUG_INFO = INCLUDE_SOURCE;
				MTL_FAST_MATH = YES;
				ONLY_ACTIVE_ARCH = YES;
				SDKROOT = iphoneos;
				SWIFT_ACTIVE_COMPILATION_CONDITIONS = DEBUG;
				SWIFT_OPTIMIZATION_LEVEL = "-Onone";
			};
			name = Debug;
		};
		BDBA6F67266FFC9500ABEA74 /* Release */ = {
			isa = XCBuildConfiguration;
			buildSettings = {
				ALWAYS_SEARCH_USER_PATHS = NO;
				CLANG_ANALYZER_NONNULL = YES;
				CLANG_ANALYZER_NUMBER_OBJECT_CONVERSION = YES_AGGRESSIVE;
				CLANG_CXX_LANGUAGE_STANDARD = "gnu++14";
				CLANG_CXX_LIBRARY = "libc++";
				CLANG_ENABLE_MODULES = YES;
				CLANG_ENABLE_OBJC_ARC = YES;
				CLANG_ENABLE_OBJC_WEAK = YES;
				CLANG_WARN_BLOCK_CAPTURE_AUTORELEASING = YES;
				CLANG_WARN_BOOL_CONVERSION = YES;
				CLANG_WARN_COMMA = YES;
				CLANG_WARN_CONSTANT_CONVERSION = YES;
				CLANG_WARN_DEPRECATED_OBJC_IMPLEMENTATIONS = YES;
				CLANG_WARN_DIRECT_OBJC_ISA_USAGE = YES_ERROR;
				CLANG_WARN_DOCUMENTATION_COMMENTS = YES;
				CLANG_WARN_EMPTY_BODY = YES;
				CLANG_WARN_ENUM_CONVERSION = YES;
				CLANG_WARN_INFINITE_RECURSION = YES;
				CLANG_WARN_INT_CONVERSION = YES;
				CLANG_WARN_NON_LITERAL_NULL_CONVERSION = YES;
				CLANG_WARN_OBJC_IMPLICIT_RETAIN_SELF = YES;
				CLANG_WARN_OBJC_LITERAL_CONVERSION = YES;
				CLANG_WARN_OBJC_ROOT_CLASS = YES_ERROR;
				CLANG_WARN_QUOTED_INCLUDE_IN_FRAMEWORK_HEADER = YES;
				CLANG_WARN_RANGE_LOOP_ANALYSIS = YES;
				CLANG_WARN_STRICT_PROTOTYPES = YES;
				CLANG_WARN_SUSPICIOUS_MOVE = YES;
				CLANG_WARN_UNGUARDED_AVAILABILITY = YES_AGGRESSIVE;
				CLANG_WARN_UNREACHABLE_CODE = YES;
				CLANG_WARN__DUPLICATE_METHOD_MATCH = YES;
				COPY_PHASE_STRIP = NO;
				DEBUG_INFORMATION_FORMAT = "dwarf-with-dsym";
				ENABLE_NS_ASSERTIONS = NO;
				ENABLE_STRICT_OBJC_MSGSEND = YES;
				GCC_C_LANGUAGE_STANDARD = gnu11;
				GCC_NO_COMMON_BLOCKS = YES;
				GCC_WARN_64_TO_32_BIT_CONVERSION = YES;
				GCC_WARN_ABOUT_RETURN_TYPE = YES_ERROR;
				GCC_WARN_UNDECLARED_SELECTOR = YES;
				GCC_WARN_UNINITIALIZED_AUTOS = YES_AGGRESSIVE;
				GCC_WARN_UNUSED_FUNCTION = YES;
				GCC_WARN_UNUSED_VARIABLE = YES;
				IPHONEOS_DEPLOYMENT_TARGET = 14.5;
				MTL_ENABLE_DEBUG_INFO = NO;
				MTL_FAST_MATH = YES;
				SDKROOT = iphoneos;
				SWIFT_COMPILATION_MODE = wholemodule;
				SWIFT_OPTIMIZATION_LEVEL = "-O";
				VALIDATE_PRODUCT = YES;
			};
			name = Release;
		};
		BDBA6F69266FFC9500ABEA74 /* Debug */ = {
			isa = XCBuildConfiguration;
			buildSettings = {
				ASSETCATALOG_COMPILER_APPICON_NAME = AppIcon;
				ASSETCATALOG_COMPILER_GLOBAL_ACCENT_COLOR_NAME = AccentColor;
				CODE_SIGN_STYLE = Automatic;
				DEVELOPMENT_TEAM = JWR746P5Q2;
				INFOPLIST_FILE = Weather/Info.plist;
				LD_RUNPATH_SEARCH_PATHS = (
					"$(inherited)",
					"@executable_path/Frameworks",
				);
				PRODUCT_BUNDLE_IDENTIFIER = com.ankitkulkarni.Weather;
				PRODUCT_NAME = "$(TARGET_NAME)";
				SWIFT_VERSION = 5.0;
				TARGETED_DEVICE_FAMILY = "1,2";
			};
			name = Debug;
		};
		BDBA6F6A266FFC9500ABEA74 /* Release */ = {
			isa = XCBuildConfiguration;
			buildSettings = {
				ASSETCATALOG_COMPILER_APPICON_NAME = AppIcon;
				ASSETCATALOG_COMPILER_GLOBAL_ACCENT_COLOR_NAME = AccentColor;
				CODE_SIGN_STYLE = Automatic;
				DEVELOPMENT_TEAM = JWR746P5Q2;
				INFOPLIST_FILE = Weather/Info.plist;
				LD_RUNPATH_SEARCH_PATHS = (
					"$(inherited)",
					"@executable_path/Frameworks",
				);
				PRODUCT_BUNDLE_IDENTIFIER = com.ankitkulkarni.Weather;
				PRODUCT_NAME = "$(TARGET_NAME)";
				SWIFT_VERSION = 5.0;
				TARGETED_DEVICE_FAMILY = "1,2";
			};
			name = Release;
		};
/* End XCBuildConfiguration section */

/* Begin XCConfigurationList section */
		BDBA6F4F266FFC9200ABEA74 /* Build configuration list for PBXProject "Weather" */ = {
			isa = XCConfigurationList;
			buildConfigurations = (
				BDBA6F66266FFC9500ABEA74 /* Debug */,
				BDBA6F67266FFC9500ABEA74 /* Release */,
			);
			defaultConfigurationIsVisible = 0;
			defaultConfigurationName = Release;
		};
		BDBA6F68266FFC9500ABEA74 /* Build configuration list for PBXNativeTarget "Weather" */ = {
			isa = XCConfigurationList;
			buildConfigurations = (
				BDBA6F69266FFC9500ABEA74 /* Debug */,
				BDBA6F6A266FFC9500ABEA74 /* Release */,
			);
			defaultConfigurationIsVisible = 0;
			defaultConfigurationName = Release;
		};
/* End XCConfigurationList section */
	};
	rootObject = BDBA6F4C266FFC9200ABEA74 /* Project object */;
}
